
Microsoft Visual Studio Solution File, Format Version 12.00
# Visual Studio 2013
VisualStudioVersion = 12.0.21005.1
MinimumVisualStudioVersion = 10.0.40219.1
Project("{FAE04EC0-301F-11D3-BF4B-00C04F79EFBC}") = "PlanAndSchedule", "PlanAndSchedule\PlanAndSchedule.csproj", "{9B997E1A-BD98-465F-AF31-1CB1F4E015FE}"
EndProject
Project("{FAE04EC0-301F-11D3-BF4B-00C04F79EFBC}") = "PlanAndSchedule.Core", "PlanAndSchedule.Core\PlanAndSchedule.Core.csproj", "{EA11B1DC-FF7D-4647-8B5F-5D9953532482}"
EndProject
Global
	GlobalSection(SolutionConfigurationPlatforms) = preSolution
		Debug|Any CPU = Debug|Any CPU
		Release|Any CPU = Release|Any CPU
	EndGlobalSection
	GlobalSection(ProjectConfigurationPlatforms) = postSolution
		{9B997E1A-BD98-465F-AF31-1CB1F4E015FE}.Debug|Any CPU.ActiveCfg = Debug|Any CPU
		{9B997E1A-BD98-465F-AF31-1CB1F4E015FE}.Debug|Any CPU.Build.0 = Debug|Any CPU
		{9B997E1A-BD98-465F-AF31-1CB1F4E015FE}.Release|Any CPU.ActiveCfg = Release|Any CPU
		{9B997E1A-BD98-465F-AF31-1CB1F4E015FE}.Release|Any CPU.Build.0 = Release|Any CPU
		{EA11B1DC-FF7D-4647-8B5F-5D9953532482}.Debug|Any CPU.ActiveCfg = Debug|Any CPU
		{EA11B1DC-FF7D-4647-8B5F-5D9953532482}.Debug|Any CPU.Build.0 = Debug|Any CPU
		{EA11B1DC-FF7D-4647-8B5F-5D9953532482}.Release|Any CPU.ActiveCfg = Release|Any CPU
		{EA11B1DC-FF7D-4647-8B5F-5D9953532482}.Release|Any CPU.Build.0 = Release|Any CPU
	EndGlobalSection
	GlobalSection(SolutionProperties) = preSolution
		HideSolutionNode = FALSE
	EndGlobalSection
EndGlobal
